
Microsoft Visual Studio Solution File, Format Version 12.00
# Visual Studio 14
VisualStudioVersion = 14.0.25420.1
MinimumVisualStudioVersion = 10.0.40219.1
Project("{FAE04EC0-301F-11D3-BF4B-00C04F79EFBC}") = "Day01", "Day1\Day01.csproj", "{AA9EBF19-9A25-4A98-A95C-E8BFED0FBE12}"
EndProject
Project("{FAE04EC0-301F-11D3-BF4B-00C04F79EFBC}") = "Day02", "Day2\Day02.csproj", "{A76F9A8F-96A4-4363-A9F4-3DBFCB85E41C}"
EndProject
Project("{FAE04EC0-301F-11D3-BF4B-00C04F79EFBC}") = "Day05", "Day5\Day05.csproj", "{6B99366F-F9A7-4987-A136-DBBB9A1DAC05}"
EndProject
Project("{FAE04EC0-301F-11D3-BF4B-00C04F79EFBC}") = "Day04", "Day4\Day04.csproj", "{20FDB940-4BEA-4149-867D-DFA108D5777F}"
EndProject
Project("{FAE04EC0-301F-11D3-BF4B-00C04F79EFBC}") = "Day03", "Day3\Day03.csproj", "{01842461-4D9F-4A4D-AC79-5609FDAA3DA4}"
EndProject
Project("{FAE04EC0-301F-11D3-BF4B-00C04F79EFBC}") = "Day06", "Day6\Day06.csproj", "{6FA1635B-2C70-4532-8C10-A675B9365A22}"
EndProject
Project("{FAE04EC0-301F-11D3-BF4B-00C04F79EFBC}") = "Day07", "Day7\Day07.csproj", "{9D910573-D4D4-4F7D-81C1-EC36776C1DD6}"
EndProject
Project("{FAE04EC0-301F-11D3-BF4B-00C04F79EFBC}") = "Day08", "Day8\Day08.csproj", "{0711FA14-6909-43E1-8FFF-AE8032F36BDE}"
EndProject
Project("{FAE04EC0-301F-11D3-BF4B-00C04F79EFBC}") = "Day09", "Day9\Day09.csproj", "{55E59DBB-FDFD-4346-B106-A87D74AB2A8B}"
EndProject
Project("{FAE04EC0-301F-11D3-BF4B-00C04F79EFBC}") = "Day10", "Day10\Day10.csproj", "{91080D2F-8308-433E-9858-FC9A82B4D95D}"
EndProject
Project("{FAE04EC0-301F-11D3-BF4B-00C04F79EFBC}") = "Day11", "Day11\Day11.csproj", "{CB274013-0D01-41E3-AF7D-C1335BA00D87}"
EndProject
Project("{FAE04EC0-301F-11D3-BF4B-00C04F79EFBC}") = "Day12", "Day12\Day12.csproj", "{9C0FCA46-7377-4B22-9889-7F7BE992277C}"
EndProject
Project("{FAE04EC0-301F-11D3-BF4B-00C04F79EFBC}") = "Day13", "Day13\Day13.csproj", "{C3E18467-6B0C-49FD-A1BE-ACABD4C27A59}"
EndProject
Global
	GlobalSection(SolutionConfigurationPlatforms) = preSolution
		Debug|Any CPU = Debug|Any CPU
		Debug|x64 = Debug|x64
		Debug|x86 = Debug|x86
		Release|Any CPU = Release|Any CPU
		Release|x64 = Release|x64
		Release|x86 = Release|x86
	EndGlobalSection
	GlobalSection(ProjectConfigurationPlatforms) = postSolution
		{AA9EBF19-9A25-4A98-A95C-E8BFED0FBE12}.Debug|Any CPU.ActiveCfg = Debug|Any CPU
		{AA9EBF19-9A25-4A98-A95C-E8BFED0FBE12}.Debug|Any CPU.Build.0 = Debug|Any CPU
		{AA9EBF19-9A25-4A98-A95C-E8BFED0FBE12}.Debug|x64.ActiveCfg = Debug|Any CPU
		{AA9EBF19-9A25-4A98-A95C-E8BFED0FBE12}.Debug|x64.Build.0 = Debug|Any CPU
		{AA9EBF19-9A25-4A98-A95C-E8BFED0FBE12}.Debug|x86.ActiveCfg = Debug|Any CPU
		{AA9EBF19-9A25-4A98-A95C-E8BFED0FBE12}.Debug|x86.Build.0 = Debug|Any CPU
		{AA9EBF19-9A25-4A98-A95C-E8BFED0FBE12}.Release|Any CPU.ActiveCfg = Release|Any CPU
		{AA9EBF19-9A25-4A98-A95C-E8BFED0FBE12}.Release|Any CPU.Build.0 = Release|Any CPU
		{AA9EBF19-9A25-4A98-A95C-E8BFED0FBE12}.Release|x64.ActiveCfg = Release|Any CPU
		{AA9EBF19-9A25-4A98-A95C-E8BFED0FBE12}.Release|x64.Build.0 = Release|Any CPU
		{AA9EBF19-9A25-4A98-A95C-E8BFED0FBE12}.Release|x86.ActiveCfg = Release|Any CPU
		{AA9EBF19-9A25-4A98-A95C-E8BFED0FBE12}.Release|x86.Build.0 = Release|Any CPU
		{A76F9A8F-96A4-4363-A9F4-3DBFCB85E41C}.Debug|Any CPU.ActiveCfg = Debug|Any CPU
		{A76F9A8F-96A4-4363-A9F4-3DBFCB85E41C}.Debug|Any CPU.Build.0 = Debug|Any CPU
		{A76F9A8F-96A4-4363-A9F4-3DBFCB85E41C}.Debug|x64.ActiveCfg = Debug|Any CPU
		{A76F9A8F-96A4-4363-A9F4-3DBFCB85E41C}.Debug|x64.Build.0 = Debug|Any CPU
		{A76F9A8F-96A4-4363-A9F4-3DBFCB85E41C}.Debug|x86.ActiveCfg = Debug|Any CPU
		{A76F9A8F-96A4-4363-A9F4-3DBFCB85E41C}.Debug|x86.Build.0 = Debug|Any CPU
		{A76F9A8F-96A4-4363-A9F4-3DBFCB85E41C}.Release|Any CPU.ActiveCfg = Release|Any CPU
		{A76F9A8F-96A4-4363-A9F4-3DBFCB85E41C}.Release|Any CPU.Build.0 = Release|Any CPU
		{A76F9A8F-96A4-4363-A9F4-3DBFCB85E41C}.Release|x64.ActiveCfg = Release|Any CPU
		{A76F9A8F-96A4-4363-A9F4-3DBFCB85E41C}.Release|x64.Build.0 = Release|Any CPU
		{A76F9A8F-96A4-4363-A9F4-3DBFCB85E41C}.Release|x86.ActiveCfg = Release|Any CPU
		{A76F9A8F-96A4-4363-A9F4-3DBFCB85E41C}.Release|x86.Build.0 = Release|Any CPU
		{6B99366F-F9A7-4987-A136-DBBB9A1DAC05}.Debug|Any CPU.ActiveCfg = Debug|Any CPU
		{6B99366F-F9A7-4987-A136-DBBB9A1DAC05}.Debug|Any CPU.Build.0 = Debug|Any CPU
		{6B99366F-F9A7-4987-A136-DBBB9A1DAC05}.Debug|x64.ActiveCfg = Debug|Any CPU
		{6B99366F-F9A7-4987-A136-DBBB9A1DAC05}.Debug|x64.Build.0 = Debug|Any CPU
		{6B99366F-F9A7-4987-A136-DBBB9A1DAC05}.Debug|x86.ActiveCfg = Debug|Any CPU
		{6B99366F-F9A7-4987-A136-DBBB9A1DAC05}.Debug|x86.Build.0 = Debug|Any CPU
		{6B99366F-F9A7-4987-A136-DBBB9A1DAC05}.Release|Any CPU.ActiveCfg = Release|Any CPU
		{6B99366F-F9A7-4987-A136-DBBB9A1DAC05}.Release|Any CPU.Build.0 = Release|Any CPU
		{6B99366F-F9A7-4987-A136-DBBB9A1DAC05}.Release|x64.ActiveCfg = Release|Any CPU
		{6B99366F-F9A7-4987-A136-DBBB9A1DAC05}.Release|x64.Build.0 = Release|Any CPU
		{6B99366F-F9A7-4987-A136-DBBB9A1DAC05}.Release|x86.ActiveCfg = Release|Any CPU
		{6B99366F-F9A7-4987-A136-DBBB9A1DAC05}.Release|x86.Build.0 = Release|Any CPU
		{20FDB940-4BEA-4149-867D-DFA108D5777F}.Debug|Any CPU.ActiveCfg = Debug|Any CPU
		{20FDB940-4BEA-4149-867D-DFA108D5777F}.Debug|Any CPU.Build.0 = Debug|Any CPU
		{20FDB940-4BEA-4149-867D-DFA108D5777F}.Debug|x64.ActiveCfg = Debug|Any CPU
		{20FDB940-4BEA-4149-867D-DFA108D5777F}.Debug|x64.Build.0 = Debug|Any CPU
		{20FDB940-4BEA-4149-867D-DFA108D5777F}.Debug|x86.ActiveCfg = Debug|Any CPU
		{20FDB940-4BEA-4149-867D-DFA108D5777F}.Debug|x86.Build.0 = Debug|Any CPU
		{20FDB940-4BEA-4149-867D-DFA108D5777F}.Release|Any CPU.ActiveCfg = Release|Any CPU
		{20FDB940-4BEA-4149-867D-DFA108D5777F}.Release|Any CPU.Build.0 = Release|Any CPU
		{20FDB940-4BEA-4149-867D-DFA108D5777F}.Release|x64.ActiveCfg = Release|Any CPU
		{20FDB940-4BEA-4149-867D-DFA108D5777F}.Release|x64.Build.0 = Release|Any CPU
		{20FDB940-4BEA-4149-867D-DFA108D5777F}.Release|x86.ActiveCfg = Release|Any CPU
		{20FDB940-4BEA-4149-867D-DFA108D5777F}.Release|x86.Build.0 = Release|Any CPU
		{01842461-4D9F-4A4D-AC79-5609FDAA3DA4}.Debug|Any CPU.ActiveCfg = Debug|Any CPU
		{01842461-4D9F-4A4D-AC79-5609FDAA3DA4}.Debug|Any CPU.Build.0 = Debug|Any CPU
		{01842461-4D9F-4A4D-AC79-5609FDAA3DA4}.Debug|x64.ActiveCfg = Debug|Any CPU
		{01842461-4D9F-4A4D-AC79-5609FDAA3DA4}.Debug|x64.Build.0 = Debug|Any CPU
		{01842461-4D9F-4A4D-AC79-5609FDAA3DA4}.Debug|x86.ActiveCfg = Debug|Any CPU
		{01842461-4D9F-4A4D-AC79-5609FDAA3DA4}.Debug|x86.Build.0 = Debug|Any CPU
		{01842461-4D9F-4A4D-AC79-5609FDAA3DA4}.Release|Any CPU.ActiveCfg = Release|Any CPU
		{01842461-4D9F-4A4D-AC79-5609FDAA3DA4}.Release|Any CPU.Build.0 = Release|Any CPU
		{01842461-4D9F-4A4D-AC79-5609FDAA3DA4}.Release|x64.ActiveCfg = Release|Any CPU
		{01842461-4D9F-4A4D-AC79-5609FDAA3DA4}.Release|x64.Build.0 = Release|Any CPU
		{01842461-4D9F-4A4D-AC79-5609FDAA3DA4}.Release|x86.ActiveCfg = Release|Any CPU
		{01842461-4D9F-4A4D-AC79-5609FDAA3DA4}.Release|x86.Build.0 = Release|Any CPU
		{6FA1635B-2C70-4532-8C10-A675B9365A22}.Debug|Any CPU.ActiveCfg = Debug|Any CPU
		{6FA1635B-2C70-4532-8C10-A675B9365A22}.Debug|Any CPU.Build.0 = Debug|Any CPU
		{6FA1635B-2C70-4532-8C10-A675B9365A22}.Debug|x64.ActiveCfg = Debug|Any CPU
		{6FA1635B-2C70-4532-8C10-A675B9365A22}.Debug|x64.Build.0 = Debug|Any CPU
		{6FA1635B-2C70-4532-8C10-A675B9365A22}.Debug|x86.ActiveCfg = Debug|Any CPU
		{6FA1635B-2C70-4532-8C10-A675B9365A22}.Debug|x86.Build.0 = Debug|Any CPU
		{6FA1635B-2C70-4532-8C10-A675B9365A22}.Release|Any CPU.ActiveCfg = Release|Any CPU
		{6FA1635B-2C70-4532-8C10-A675B9365A22}.Release|Any CPU.Build.0 = Release|Any CPU
		{6FA1635B-2C70-4532-8C10-A675B9365A22}.Release|x64.ActiveCfg = Release|Any CPU
		{6FA1635B-2C70-4532-8C10-A675B9365A22}.Release|x64.Build.0 = Release|Any CPU
		{6FA1635B-2C70-4532-8C10-A675B9365A22}.Release|x86.ActiveCfg = Release|Any CPU
		{6FA1635B-2C70-4532-8C10-A675B9365A22}.Release|x86.Build.0 = Release|Any CPU
		{9D910573-D4D4-4F7D-81C1-EC36776C1DD6}.Debug|Any CPU.ActiveCfg = Debug|Any CPU
		{9D910573-D4D4-4F7D-81C1-EC36776C1DD6}.Debug|Any CPU.Build.0 = Debug|Any CPU
		{9D910573-D4D4-4F7D-81C1-EC36776C1DD6}.Debug|x64.ActiveCfg = Debug|Any CPU
		{9D910573-D4D4-4F7D-81C1-EC36776C1DD6}.Debug|x64.Build.0 = Debug|Any CPU
		{9D910573-D4D4-4F7D-81C1-EC36776C1DD6}.Debug|x86.ActiveCfg = Debug|Any CPU
		{9D910573-D4D4-4F7D-81C1-EC36776C1DD6}.Debug|x86.Build.0 = Debug|Any CPU
		{9D910573-D4D4-4F7D-81C1-EC36776C1DD6}.Release|Any CPU.ActiveCfg = Release|Any CPU
		{9D910573-D4D4-4F7D-81C1-EC36776C1DD6}.Release|Any CPU.Build.0 = Release|Any CPU
		{9D910573-D4D4-4F7D-81C1-EC36776C1DD6}.Release|x64.ActiveCfg = Release|Any CPU
		{9D910573-D4D4-4F7D-81C1-EC36776C1DD6}.Release|x64.Build.0 = Release|Any CPU
		{9D910573-D4D4-4F7D-81C1-EC36776C1DD6}.Release|x86.ActiveCfg = Release|Any CPU
		{9D910573-D4D4-4F7D-81C1-EC36776C1DD6}.Release|x86.Build.0 = Release|Any CPU
		{0711FA14-6909-43E1-8FFF-AE8032F36BDE}.Debug|Any CPU.ActiveCfg = Debug|Any CPU
		{0711FA14-6909-43E1-8FFF-AE8032F36BDE}.Debug|Any CPU.Build.0 = Debug|Any CPU
		{0711FA14-6909-43E1-8FFF-AE8032F36BDE}.Debug|x64.ActiveCfg = Debug|Any CPU
		{0711FA14-6909-43E1-8FFF-AE8032F36BDE}.Debug|x64.Build.0 = Debug|Any CPU
		{0711FA14-6909-43E1-8FFF-AE8032F36BDE}.Debug|x86.ActiveCfg = Debug|Any CPU
		{0711FA14-6909-43E1-8FFF-AE8032F36BDE}.Debug|x86.Build.0 = Debug|Any CPU
		{0711FA14-6909-43E1-8FFF-AE8032F36BDE}.Release|Any CPU.ActiveCfg = Release|Any CPU
		{0711FA14-6909-43E1-8FFF-AE8032F36BDE}.Release|Any CPU.Build.0 = Release|Any CPU
		{0711FA14-6909-43E1-8FFF-AE8032F36BDE}.Release|x64.ActiveCfg = Release|Any CPU
		{0711FA14-6909-43E1-8FFF-AE8032F36BDE}.Release|x64.Build.0 = Release|Any CPU
		{0711FA14-6909-43E1-8FFF-AE8032F36BDE}.Release|x86.ActiveCfg = Release|Any CPU
		{0711FA14-6909-43E1-8FFF-AE8032F36BDE}.Release|x86.Build.0 = Release|Any CPU
		{55E59DBB-FDFD-4346-B106-A87D74AB2A8B}.Debug|Any CPU.ActiveCfg = Debug|Any CPU
		{55E59DBB-FDFD-4346-B106-A87D74AB2A8B}.Debug|Any CPU.Build.0 = Debug|Any CPU
		{55E59DBB-FDFD-4346-B106-A87D74AB2A8B}.Debug|x64.ActiveCfg = Debug|Any CPU
		{55E59DBB-FDFD-4346-B106-A87D74AB2A8B}.Debug|x64.Build.0 = Debug|Any CPU
		{55E59DBB-FDFD-4346-B106-A87D74AB2A8B}.Debug|x86.ActiveCfg = Debug|Any CPU
		{55E59DBB-FDFD-4346-B106-A87D74AB2A8B}.Debug|x86.Build.0 = Debug|Any CPU
		{55E59DBB-FDFD-4346-B106-A87D74AB2A8B}.Release|Any CPU.ActiveCfg = Release|Any CPU
		{55E59DBB-FDFD-4346-B106-A87D74AB2A8B}.Release|Any CPU.Build.0 = Release|Any CPU
		{55E59DBB-FDFD-4346-B106-A87D74AB2A8B}.Release|x64.ActiveCfg = Release|Any CPU
		{55E59DBB-FDFD-4346-B106-A87D74AB2A8B}.Release|x64.Build.0 = Release|Any CPU
		{55E59DBB-FDFD-4346-B106-A87D74AB2A8B}.Release|x86.ActiveCfg = Release|Any CPU
		{55E59DBB-FDFD-4346-B106-A87D74AB2A8B}.Release|x86.Build.0 = Release|Any CPU
		{91080D2F-8308-433E-9858-FC9A82B4D95D}.Debug|Any CPU.ActiveCfg = Debug|Any CPU
		{91080D2F-8308-433E-9858-FC9A82B4D95D}.Debug|Any CPU.Build.0 = Debug|Any CPU
		{91080D2F-8308-433E-9858-FC9A82B4D95D}.Debug|x64.ActiveCfg = Debug|Any CPU
		{91080D2F-8308-433E-9858-FC9A82B4D95D}.Debug|x64.Build.0 = Debug|Any CPU
		{91080D2F-8308-433E-9858-FC9A82B4D95D}.Debug|x86.ActiveCfg = Debug|Any CPU
		{91080D2F-8308-433E-9858-FC9A82B4D95D}.Debug|x86.Build.0 = Debug|Any CPU
		{91080D2F-8308-433E-9858-FC9A82B4D95D}.Release|Any CPU.ActiveCfg = Release|Any CPU
		{91080D2F-8308-433E-9858-FC9A82B4D95D}.Release|Any CPU.Build.0 = Release|Any CPU
		{91080D2F-8308-433E-9858-FC9A82B4D95D}.Release|x64.ActiveCfg = Release|Any CPU
		{91080D2F-8308-433E-9858-FC9A82B4D95D}.Release|x64.Build.0 = Release|Any CPU
		{91080D2F-8308-433E-9858-FC9A82B4D95D}.Release|x86.ActiveCfg = Release|Any CPU
		{91080D2F-8308-433E-9858-FC9A82B4D95D}.Release|x86.Build.0 = Release|Any CPU
		{CB274013-0D01-41E3-AF7D-C1335BA00D87}.Debug|Any CPU.ActiveCfg = Debug|Any CPU
		{CB274013-0D01-41E3-AF7D-C1335BA00D87}.Debug|Any CPU.Build.0 = Debug|Any CPU
		{CB274013-0D01-41E3-AF7D-C1335BA00D87}.Debug|x64.ActiveCfg = Debug|Any CPU
		{CB274013-0D01-41E3-AF7D-C1335BA00D87}.Debug|x64.Build.0 = Debug|Any CPU
		{CB274013-0D01-41E3-AF7D-C1335BA00D87}.Debug|x86.ActiveCfg = Debug|Any CPU
		{CB274013-0D01-41E3-AF7D-C1335BA00D87}.Debug|x86.Build.0 = Debug|Any CPU
		{CB274013-0D01-41E3-AF7D-C1335BA00D87}.Release|Any CPU.ActiveCfg = Release|Any CPU
		{CB274013-0D01-41E3-AF7D-C1335BA00D87}.Release|Any CPU.Build.0 = Release|Any CPU
		{CB274013-0D01-41E3-AF7D-C1335BA00D87}.Release|x64.ActiveCfg = Release|Any CPU
		{CB274013-0D01-41E3-AF7D-C1335BA00D87}.Release|x64.Build.0 = Release|Any CPU
		{CB274013-0D01-41E3-AF7D-C1335BA00D87}.Release|x86.ActiveCfg = Release|Any CPU
		{CB274013-0D01-41E3-AF7D-C1335BA00D87}.Release|x86.Build.0 = Release|Any CPU
		{9C0FCA46-7377-4B22-9889-7F7BE992277C}.Debug|Any CPU.ActiveCfg = Debug|Any CPU
		{9C0FCA46-7377-4B22-9889-7F7BE992277C}.Debug|Any CPU.Build.0 = Debug|Any CPU
		{9C0FCA46-7377-4B22-9889-7F7BE992277C}.Debug|x64.ActiveCfg = Debug|Any CPU
		{9C0FCA46-7377-4B22-9889-7F7BE992277C}.Debug|x64.Build.0 = Debug|Any CPU
		{9C0FCA46-7377-4B22-9889-7F7BE992277C}.Debug|x86.ActiveCfg = Debug|Any CPU
		{9C0FCA46-7377-4B22-9889-7F7BE992277C}.Debug|x86.Build.0 = Debug|Any CPU
		{9C0FCA46-7377-4B22-9889-7F7BE992277C}.Release|Any CPU.ActiveCfg = Release|Any CPU
		{9C0FCA46-7377-4B22-9889-7F7BE992277C}.Release|Any CPU.Build.0 = Release|Any CPU
		{9C0FCA46-7377-4B22-9889-7F7BE992277C}.Release|x64.ActiveCfg = Release|Any CPU
		{9C0FCA46-7377-4B22-9889-7F7BE992277C}.Release|x64.Build.0 = Release|Any CPU
		{9C0FCA46-7377-4B22-9889-7F7BE992277C}.Release|x86.ActiveCfg = Release|Any CPU
		{9C0FCA46-7377-4B22-9889-7F7BE992277C}.Release|x86.Build.0 = Release|Any CPU
		{C3E18467-6B0C-49FD-A1BE-ACABD4C27A59}.Debug|Any CPU.ActiveCfg = Debug|Any CPU
		{C3E18467-6B0C-49FD-A1BE-ACABD4C27A59}.Debug|Any CPU.Build.0 = Debug|Any CPU
		{C3E18467-6B0C-49FD-A1BE-ACABD4C27A59}.Debug|x64.ActiveCfg = Debug|Any CPU
		{C3E18467-6B0C-49FD-A1BE-ACABD4C27A59}.Debug|x64.Build.0 = Debug|Any CPU
		{C3E18467-6B0C-49FD-A1BE-ACABD4C27A59}.Debug|x86.ActiveCfg = Debug|Any CPU
		{C3E18467-6B0C-49FD-A1BE-ACABD4C27A59}.Debug|x86.Build.0 = Debug|Any CPU
		{C3E18467-6B0C-49FD-A1BE-ACABD4C27A59}.Release|Any CPU.ActiveCfg = Release|Any CPU
		{C3E18467-6B0C-49FD-A1BE-ACABD4C27A59}.Release|Any CPU.Build.0 = Release|Any CPU
		{C3E18467-6B0C-49FD-A1BE-ACABD4C27A59}.Release|x64.ActiveCfg = Release|Any CPU
		{C3E18467-6B0C-49FD-A1BE-ACABD4C27A59}.Release|x64.Build.0 = Release|Any CPU
		{C3E18467-6B0C-49FD-A1BE-ACABD4C27A59}.Release|x86.ActiveCfg = Release|Any CPU
		{C3E18467-6B0C-49FD-A1BE-ACABD4C27A59}.Release|x86.Build.0 = Release|Any CPU
	EndGlobalSection
	GlobalSection(SolutionProperties) = preSolution
		HideSolutionNode = FALSE
	EndGlobalSection
EndGlobal
